// !$*UTF8*$!
{
	archiveVersion = 1;
	classes = {
	};
	objectVersion = 50;
	objects = {

/* Begin PBXBuildFile section */
		D2524211244383A7006BE623 /* AppDelegate.swift in Sources */ = {isa = PBXBuildFile; fileRef = D2524210244383A7006BE623 /* AppDelegate.swift */; };
		D2524213244383A7006BE623 /* ViewController.swift in Sources */ = {isa = PBXBuildFile; fileRef = D2524212244383A7006BE623 /* ViewController.swift */; };
		D2524215244383A8006BE623 /* Assets.xcassets in Resources */ = {isa = PBXBuildFile; fileRef = D2524214244383A8006BE623 /* Assets.xcassets */; };
		D2524218244383A8006BE623 /* Main.storyboard in Resources */ = {isa = PBXBuildFile; fileRef = D2524216244383A8006BE623 /* Main.storyboard */; };
		D2524224244383A8006BE623 /* SwiftPlotTests.swift in Sources */ = {isa = PBXBuildFile; fileRef = D2524223244383A8006BE623 /* SwiftPlotTests.swift */; };
/* End PBXBuildFile section */

/* Begin PBXContainerItemProxy section */
		D2524220244383A8006BE623 /* PBXContainerItemProxy */ = {
			isa = PBXContainerItemProxy;
			containerPortal = D2524205244383A7006BE623 /* Project object */;
			proxyType = 1;
			remoteGlobalIDString = D252420C244383A7006BE623;
			remoteInfo = SwiftPlot;
		};
/* End PBXContainerItemProxy section */

/* Begin PBXFileReference section */
		D252420D244383A7006BE623 /* SwiftPlot.app */ = {isa = PBXFileReference; explicitFileType = wrapper.application; includeInIndex = 0; path = SwiftPlot.app; sourceTree = BUILT_PRODUCTS_DIR; };
		D2524210244383A7006BE623 /* AppDelegate.swift */ = {isa = PBXFileReference; lastKnownFileType = sourcecode.swift; path = AppDelegate.swift; sourceTree = "<group>"; };
		D2524212244383A7006BE623 /* ViewController.swift */ = {isa = PBXFileReference; lastKnownFileType = sourcecode.swift; path = ViewController.swift; sourceTree = "<group>"; };
		D2524214244383A8006BE623 /* Assets.xcassets */ = {isa = PBXFileReference; lastKnownFileType = folder.assetcatalog; path = Assets.xcassets; sourceTree = "<group>"; };
		D2524217244383A8006BE623 /* Base */ = {isa = PBXFileReference; lastKnownFileType = file.storyboard; name = Base; path = Base.lproj/Main.storyboard; sourceTree = "<group>"; };
		D2524219244383A8006BE623 /* Info.plist */ = {isa = PBXFileReference; lastKnownFileType = text.plist.xml; path = Info.plist; sourceTree = "<group>"; };
		D252421A244383A8006BE623 /* SwiftPlot.entitlements */ = {isa = PBXFileReference; lastKnownFileType = text.plist.entitlements; path = SwiftPlot.entitlements; sourceTree = "<group>"; };
		D252421F244383A8006BE623 /* SwiftPlotTests.xctest */ = {isa = PBXFileReference; explicitFileType = wrapper.cfbundle; includeInIndex = 0; path = SwiftPlotTests.xctest; sourceTree = BUILT_PRODUCTS_DIR; };
		D2524223244383A8006BE623 /* SwiftPlotTests.swift */ = {isa = PBXFileReference; lastKnownFileType = sourcecode.swift; path = SwiftPlotTests.swift; sourceTree = "<group>"; };
		D2524225244383A8006BE623 /* Info.plist */ = {isa = PBXFileReference; lastKnownFileType = text.plist.xml; path = Info.plist; sourceTree = "<group>"; };
/* End PBXFileReference section */

/* Begin PBXFrameworksBuildPhase section */
		D252420A244383A7006BE623 /* Frameworks */ = {
			isa = PBXFrameworksBuildPhase;
			buildActionMask = 2147483647;
			files = (
			);
			runOnlyForDeploymentPostprocessing = 0;
		};
		D252421C244383A8006BE623 /* Frameworks */ = {
			isa = PBXFrameworksBuildPhase;
			buildActionMask = 2147483647;
			files = (
			);
			runOnlyForDeploymentPostprocessing = 0;
		};
/* End PBXFrameworksBuildPhase section */

/* Begin PBXGroup section */
		D2524204244383A7006BE623 = {
			isa = PBXGroup;
			children = (
				D252420F244383A7006BE623 /* SwiftPlot */,
				D2524222244383A8006BE623 /* SwiftPlotTests */,
				D252420E244383A7006BE623 /* Products */,
			);
			sourceTree = "<group>";
		};
		D252420E244383A7006BE623 /* Products */ = {
			isa = PBXGroup;
			children = (
				D252420D244383A7006BE623 /* SwiftPlot.app */,
				D252421F244383A8006BE623 /* SwiftPlotTests.xctest */,
			);
			name = Products;
			sourceTree = "<group>";
		};
		D252420F244383A7006BE623 /* SwiftPlot */ = {
			isa = PBXGroup;
			children = (
				D2524210244383A7006BE623 /* AppDelegate.swift */,
				D2524212244383A7006BE623 /* ViewController.swift */,
				D2524214244383A8006BE623 /* Assets.xcassets */,
				D2524216244383A8006BE623 /* Main.storyboard */,
				D2524219244383A8006BE623 /* Info.plist */,
				D252421A244383A8006BE623 /* SwiftPlot.entitlements */,
			);
			path = SwiftPlot;
			sourceTree = "<group>";
		};
		D2524222244383A8006BE623 /* SwiftPlotTests */ = {
			isa = PBXGroup;
			children = (
				D2524223244383A8006BE623 /* SwiftPlotTests.swift */,
				D2524225244383A8006BE623 /* Info.plist */,
			);
			path = SwiftPlotTests;
			sourceTree = "<group>";
		};
/* End PBXGroup section */

/* Begin PBXNativeTarget section */
		D252420C244383A7006BE623 /* SwiftPlot */ = {
			isa = PBXNativeTarget;
			buildConfigurationList = D2524228244383A8006BE623 /* Build configuration list for PBXNativeTarget "SwiftPlot" */;
			buildPhases = (
				D2524209244383A7006BE623 /* Sources */,
				D252420A244383A7006BE623 /* Frameworks */,
				D252420B244383A7006BE623 /* Resources */,
			);
			buildRules = (
			);
			dependencies = (
			);
			name = SwiftPlot;
			productName = SwiftPlot;
			productReference = D252420D244383A7006BE623 /* SwiftPlot.app */;
			productType = "com.apple.product-type.application";
		};
		D252421E244383A8006BE623 /* SwiftPlotTests */ = {
			isa = PBXNativeTarget;
			buildConfigurationList = D252422B244383A8006BE623 /* Build configuration list for PBXNativeTarget "SwiftPlotTests" */;
			buildPhases = (
				D252421B244383A8006BE623 /* Sources */,
				D252421C244383A8006BE623 /* Frameworks */,
				D252421D244383A8006BE623 /* Resources */,
			);
			buildRules = (
			);
			dependencies = (
				D2524221244383A8006BE623 /* PBXTargetDependency */,
			);
			name = SwiftPlotTests;
			productName = SwiftPlotTests;
			productReference = D252421F244383A8006BE623 /* SwiftPlotTests.xctest */;
			productType = "com.apple.product-type.bundle.unit-test";
		};
/* End PBXNativeTarget section */

/* Begin PBXProject section */
		D2524205244383A7006BE623 /* Project object */ = {
			isa = PBXProject;
			attributes = {
				LastSwiftUpdateCheck = 1140;
				LastUpgradeCheck = 1140;
				ORGANIZATIONNAME = "Jeff Terry";
				TargetAttributes = {
					D252420C244383A7006BE623 = {
						CreatedOnToolsVersion = 11.4;
					};
					D252421E244383A8006BE623 = {
						CreatedOnToolsVersion = 11.4;
						TestTargetID = D252420C244383A7006BE623;
					};
				};
			};
			buildConfigurationList = D2524208244383A7006BE623 /* Build configuration list for PBXProject "SwiftPlot" */;
			compatibilityVersion = "Xcode 9.3";
			developmentRegion = en;
			hasScannedForEncodings = 0;
			knownRegions = (
				en,
				Base,
			);
			mainGroup = D2524204244383A7006BE623;
			productRefGroup = D252420E244383A7006BE623 /* Products */;
			projectDirPath = "";
			projectRoot = "";
			targets = (
				D252420C244383A7006BE623 /* SwiftPlot */,
				D252421E244383A8006BE623 /* SwiftPlotTests */,
			);
		};
/* End PBXProject section */

/* Begin PBXResourcesBuildPhase section */
		D252420B244383A7006BE623 /* Resources */ = {
			isa = PBXResourcesBuildPhase;
			buildActionMask = 2147483647;
			files = (
				D2524215244383A8006BE623 /* Assets.xcassets in Resources */,
				D2524218244383A8006BE623 /* Main.storyboard in Resources */,
			);
			runOnlyForDeploymentPostprocessing = 0;
		};
		D252421D244383A8006BE623 /* Resources */ = {
			isa = PBXResourcesBuildPhase;
			buildActionMask = 2147483647;
			files = (
			);
			runOnlyForDeploymentPostprocessing = 0;
		};
/* End PBXResourcesBuildPhase section */

/* Begin PBXSourcesBuildPhase section */
		D2524209244383A7006BE623 /* Sources */ = {
			isa = PBXSourcesBuildPhase;
			buildActionMask = 2147483647;
			files = (
				D2524213244383A7006BE623 /* ViewController.swift in Sources */,
				D2524211244383A7006BE623 /* AppDelegate.swift in Sources */,
			);
			runOnlyForDeploymentPostprocessing = 0;
		};
		D252421B244383A8006BE623 /* Sources */ = {
			isa = PBXSourcesBuildPhase;
			buildActionMask = 2147483647;
			files = (
				D2524224244383A8006BE623 /* SwiftPlotTests.swift in Sources */,
			);
			runOnlyForDeploymentPostprocessing = 0;
		};
/* End PBXSourcesBuildPhase section */

/* Begin PBXTargetDependency section */
		D2524221244383A8006BE623 /* PBXTargetDependency */ = {
			isa = PBXTargetDependency;
			target = D252420C244383A7006BE623 /* SwiftPlot */;
			targetProxy = D2524220244383A8006BE623 /* PBXContainerItemProxy */;
		};
/* End PBXTargetDependency section */

/* Begin PBXVariantGroup section */
		D2524216244383A8006BE623 /* Main.storyboard */ = {
			isa = PBXVariantGroup;
			children = (
				D2524217244383A8006BE623 /* Base */,
			);
			name = Main.storyboard;
			sourceTree = "<group>";
		};
/* End PBXVariantGroup section */

/* Begin XCBuildConfiguration section */
		D2524226244383A8006BE623 /* Debug */ = {
			isa = XCBuildConfiguration;
			buildSettings = {
				ALWAYS_SEARCH_USER_PATHS = NO;
				CLANG_ANALYZER_NONNULL = YES;
				CLANG_ANALYZER_NUMBER_OBJECT_CONVERSION = YES_AGGRESSIVE;
				CLANG_CXX_LANGUAGE_STANDARD = "gnu++14";
				CLANG_CXX_LIBRARY = "libc++";
				CLANG_ENABLE_MODULES = YES;
				CLANG_ENABLE_OBJC_ARC = YES;
				CLANG_ENABLE_OBJC_WEAK = YES;
				CLANG_WARN_BLOCK_CAPTURE_AUTORELEASING = YES;
				CLANG_WARN_BOOL_CONVERSION = YES;
				CLANG_WARN_COMMA = YES;
				CLANG_WARN_CONSTANT_CONVERSION = YES;
				CLANG_WARN_DEPRECATED_OBJC_IMPLEMENTATIONS = YES;
				CLANG_WARN_DIRECT_OBJC_ISA_USAGE = YES_ERROR;
				CLANG_WARN_DOCUMENTATION_COMMENTS = YES;
				CLANG_WARN_EMPTY_BODY = YES;
				CLANG_WARN_ENUM_CONVERSION = YES;
				CLANG_WARN_INFINITE_RECURSION = YES;
				CLANG_WARN_INT_CONVERSION = YES;
				CLANG_WARN_NON_LITERAL_NULL_CONVERSION = YES;
				CLANG_WARN_OBJC_IMPLICIT_RETAIN_SELF = YES;
				CLANG_WARN_OBJC_LITERAL_CONVERSION = YES;
				CLANG_WARN_OBJC_ROOT_CLASS = YES_ERROR;
				CLANG_WARN_RANGE_LOOP_ANALYSIS = YES;
				CLANG_WARN_STRICT_PROTOTYPES = YES;
				CLANG_WARN_SUSPICIOUS_MOVE = YES;
				CLANG_WARN_UNGUARDED_AVAILABILITY = YES_AGGRESSIVE;
				CLANG_WARN_UNREACHABLE_CODE = YES;
				CLANG_WARN__DUPLICATE_METHOD_MATCH = YES;
				COPY_PHASE_STRIP = NO;
				DEBUG_INFORMATION_FORMAT = dwarf;
				ENABLE_STRICT_OBJC_MSGSEND = YES;
				ENABLE_TESTABILITY = YES;
				GCC_C_LANGUAGE_STANDARD = gnu11;
				GCC_DYNAMIC_NO_PIC = NO;
				GCC_NO_COMMON_BLOCKS = YES;
				GCC_OPTIMIZATION_LEVEL = 0;
				GCC_PREPROCESSOR_DEFINITIONS = (
					"DEBUG=1",
					"$(inherited)",
				);
				GCC_WARN_64_TO_32_BIT_CONVERSION = YES;
				GCC_WARN_ABOUT_RETURN_TYPE = YES_ERROR;
				GCC_WARN_UNDECLARED_SELECTOR = YES;
				GCC_WARN_UNINITIALIZED_AUTOS = YES_AGGRESSIVE;
				GCC_WARN_UNUSED_FUNCTION = YES;
				GCC_WARN_UNUSED_VARIABLE = YES;
				MACOSX_DEPLOYMENT_TARGET = 10.15;
				MTL_ENABLE_DEBUG_INFO = INCLUDE_SOURCE;
				MTL_FAST_MATH = YES;
				ONLY_ACTIVE_ARCH = YES;
				SDKROOT = macosx;
				SWIFT_ACTIVE_COMPILATION_CONDITIONS = DEBUG;
				SWIFT_OPTIMIZATION_LEVEL = "-Onone";
			};
			name = Debug;
		};
		D2524227244383A8006BE623 /* Release */ = {
			isa = XCBuildConfiguration;
			buildSettings = {
				ALWAYS_SEARCH_USER_PATHS = NO;
				CLANG_ANALYZER_NONNULL = YES;
				CLANG_ANALYZER_NUMBER_OBJECT_CONVERSION = YES_AGGRESSIVE;
				CLANG_CXX_LANGUAGE_STANDARD = "gnu++14";
				CLANG_CXX_LIBRARY = "libc++";
				CLANG_ENABLE_MODULES = YES;
				CLANG_ENABLE_OBJC_ARC = YES;
				CLANG_ENABLE_OBJC_WEAK = YES;
				CLANG_WARN_BLOCK_CAPTURE_AUTORELEASING = YES;
				CLANG_WARN_BOOL_CONVERSION = YES;
				CLANG_WARN_COMMA = YES;
				CLANG_WARN_CONSTANT_CONVERSION = YES;
				CLANG_WARN_DEPRECATED_OBJC_IMPLEMENTATIONS = YES;
				CLANG_WARN_DIRECT_OBJC_ISA_USAGE = YES_ERROR;
				CLANG_WARN_DOCUMENTATION_COMMENTS = YES;
				CLANG_WARN_EMPTY_BODY = YES;
				CLANG_WARN_ENUM_CONVERSION = YES;
				CLANG_WARN_INFINITE_RECURSION = YES;
				CLANG_WARN_INT_CONVERSION = YES;
				CLANG_WARN_NON_LITERAL_NULL_CONVERSION = YES;
				CLANG_WARN_OBJC_IMPLICIT_RETAIN_SELF = YES;
				CLANG_WARN_OBJC_LITERAL_CONVERSION = YES;
				CLANG_WARN_OBJC_ROOT_CLASS = YES_ERROR;
				CLANG_WARN_RANGE_LOOP_ANALYSIS = YES;
				CLANG_WARN_STRICT_PROTOTYPES = YES;
				CLANG_WARN_SUSPICIOUS_MOVE = YES;
				CLANG_WARN_UNGUARDED_AVAILABILITY = YES_AGGRESSIVE;
				CLANG_WARN_UNREACHABLE_CODE = YES;
				CLANG_WARN__DUPLICATE_METHOD_MATCH = YES;
				COPY_PHASE_STRIP = NO;
				DEBUG_INFORMATION_FORMAT = "dwarf-with-dsym";
				ENABLE_NS_ASSERTIONS = NO;
				ENABLE_STRICT_OBJC_MSGSEND = YES;
				GCC_C_LANGUAGE_STANDARD = gnu11;
				GCC_NO_COMMON_BLOCKS = YES;
				GCC_WARN_64_TO_32_BIT_CONVERSION = YES;
				GCC_WARN_ABOUT_RETURN_TYPE = YES_ERROR;
				GCC_WARN_UNDECLARED_SELECTOR = YES;
				GCC_WARN_UNINITIALIZED_AUTOS = YES_AGGRESSIVE;
				GCC_WARN_UNUSED_FUNCTION = YES;
				GCC_WARN_UNUSED_VARIABLE = YES;
				MACOSX_DEPLOYMENT_TARGET = 10.15;
				MTL_ENABLE_DEBUG_INFO = NO;
				MTL_FAST_MATH = YES;
				SDKROOT = macosx;
				SWIFT_COMPILATION_MODE = wholemodule;
				SWIFT_OPTIMIZATION_LEVEL = "-O";
			};
			name = Release;
		};
		D2524229244383A8006BE623 /* Debug */ = {
			isa = XCBuildConfiguration;
			buildSettings = {
				ASSETCATALOG_COMPILER_APPICON_NAME = AppIcon;
				CODE_SIGN_ENTITLEMENTS = SwiftPlot/SwiftPlot.entitlements;
				CODE_SIGN_STYLE = Automatic;
				COMBINE_HIDPI_IMAGES = YES;
				DEVELOPMENT_TEAM = V59RVGUYZD;
				ENABLE_HARDENED_RUNTIME = YES;
				INFOPLIST_FILE = SwiftPlot/Info.plist;
				LD_RUNPATH_SEARCH_PATHS = (
					"$(inherited)",
					"@executable_path/../Frameworks",
				);
				PRODUCT_BUNDLE_IDENTIFIER = com.jtiit.SwiftPlot;
				PRODUCT_NAME = "$(TARGET_NAME)";
				SWIFT_VERSION = 5.0;
			};
			name = Debug;
		};
		D252422A244383A8006BE623 /* Release */ = {
			isa = XCBuildConfiguration;
			buildSettings = {
				ASSETCATALOG_COMPILER_APPICON_NAME = AppIcon;
				CODE_SIGN_ENTITLEMENTS = SwiftPlot/SwiftPlot.entitlements;
				CODE_SIGN_STYLE = Automatic;
				COMBINE_HIDPI_IMAGES = YES;
				DEVELOPMENT_TEAM = V59RVGUYZD;
				ENABLE_HARDENED_RUNTIME = YES;
				INFOPLIST_FILE = SwiftPlot/Info.plist;
				LD_RUNPATH_SEARCH_PATHS = (
					"$(inherited)",
					"@executable_path/../Frameworks",
				);
				PRODUCT_BUNDLE_IDENTIFIER = com.jtiit.SwiftPlot;
				PRODUCT_NAME = "$(TARGET_NAME)";
				SWIFT_VERSION = 5.0;
			};
			name = Release;
		};
		D252422C244383A8006BE623 /* Debug */ = {
			isa = XCBuildConfiguration;
			buildSettings = {
				ALWAYS_EMBED_SWIFT_STANDARD_LIBRARIES = YES;
				BUNDLE_LOADER = "$(TEST_HOST)";
				CODE_SIGN_STYLE = Automatic;
				COMBINE_HIDPI_IMAGES = YES;
				DEVELOPMENT_TEAM = V59RVGUYZD;
				INFOPLIST_FILE = SwiftPlotTests/Info.plist;
				LD_RUNPATH_SEARCH_PATHS = (
					"$(inherited)",
					"@executable_path/../Frameworks",
					"@loader_path/../Frameworks",
				);
				MACOSX_DEPLOYMENT_TARGET = 10.15;
				PRODUCT_BUNDLE_IDENTIFIER = com.jtiit.SwiftPlotTests;
				PRODUCT_NAME = "$(TARGET_NAME)";
				SWIFT_VERSION = 5.0;
				TEST_HOST = "$(BUILT_PRODUCTS_DIR)/SwiftPlot.app/Contents/MacOS/SwiftPlot";
			};
			name = Debug;
		};
		D252422D244383A8006BE623 /* Release */ = {
			isa = XCBuildConfiguration;
			buildSettings = {
				ALWAYS_EMBED_SWIFT_STANDARD_LIBRARIES = YES;
				BUNDLE_LOADER = "$(TEST_HOST)";
				CODE_SIGN_STYLE = Automatic;
				COMBINE_HIDPI_IMAGES = YES;
				DEVELOPMENT_TEAM = V59RVGUYZD;
				INFOPLIST_FILE = SwiftPlotTests/Info.plist;
				LD_RUNPATH_SEARCH_PATHS = (
					"$(inherited)",
					"@executable_path/../Frameworks",
					"@loader_path/../Frameworks",
				);
				MACOSX_DEPLOYMENT_TARGET = 10.15;
				PRODUCT_BUNDLE_IDENTIFIER = com.jtiit.SwiftPlotTests;
				PRODUCT_NAME = "$(TARGET_NAME)";
				SWIFT_VERSION = 5.0;
				TEST_HOST = "$(BUILT_PRODUCTS_DIR)/SwiftPlot.app/Contents/MacOS/SwiftPlot";
			};
			name = Release;
		};
/* End XCBuildConfiguration section */

/* Begin XCConfigurationList section */
		D2524208244383A7006BE623 /* Build configuration list for PBXProject "SwiftPlot" */ = {
			isa = XCConfigurationList;
			buildConfigurations = (
				D2524226244383A8006BE623 /* Debug */,
				D2524227244383A8006BE623 /* Release */,
			);
			defaultConfigurationIsVisible = 0;
			defaultConfigurationName = Release;
		};
		D2524228244383A8006BE623 /* Build configuration list for PBXNativeTarget "SwiftPlot" */ = {
			isa = XCConfigurationList;
			buildConfigurations = (
				D2524229244383A8006BE623 /* Debug */,
				D252422A244383A8006BE623 /* Release */,
			);
			defaultConfigurationIsVisible = 0;
			defaultConfigurationName = Release;
		};
		D252422B244383A8006BE623 /* Build configuration list for PBXNativeTarget "SwiftPlotTests" */ = {
			isa = XCConfigurationList;
			buildConfigurations = (
				D252422C244383A8006BE623 /* Debug */,
				D252422D244383A8006BE623 /* Release */,
			);
			defaultConfigurationIsVisible = 0;
			defaultConfigurationName = Release;
		};
/* End XCConfigurationList section */
	};
	rootObject = D2524205244383A7006BE623 /* Project object */;
}
